
Microsoft Visual Studio Solution File, Format Version 12.00
# Visual Studio 15
VisualStudioVersion = 15.0.28307.168
MinimumVisualStudioVersion = 10.0.40219.1
Project("{FAE04EC0-301F-11D3-BF4B-00C04F79EFBC}") = "BlackJack", "BlackJack\BlackJack.csproj", "{4D528180-D0EB-40AB-9C47-1D88EA6821E6}"
EndProject
Project("{FAE04EC0-301F-11D3-BF4B-00C04F79EFBC}") = "Casino", "Casino\Casino.csproj", "{627B1861-A279-44E5-8114-F10499BF8922}"
EndProject
Global
	GlobalSection(SolutionConfigurationPlatforms) = preSolution
		Debug|Any CPU = Debug|Any CPU
		Release|Any CPU = Release|Any CPU
	EndGlobalSection
	GlobalSection(ProjectConfigurationPlatforms) = postSolution
		{4D528180-D0EB-40AB-9C47-1D88EA6821E6}.Debug|Any CPU.ActiveCfg = Debug|Any CPU
		{4D528180-D0EB-40AB-9C47-1D88EA6821E6}.Debug|Any CPU.Build.0 = Debug|Any CPU
		{4D528180-D0EB-40AB-9C47-1D88EA6821E6}.Release|Any CPU.ActiveCfg = Release|Any CPU
		{4D528180-D0EB-40AB-9C47-1D88EA6821E6}.Release|Any CPU.Build.0 = Release|Any CPU
		{627B1861-A279-44E5-8114-F10499BF8922}.Debug|Any CPU.ActiveCfg = Debug|Any CPU
		{627B1861-A279-44E5-8114-F10499BF8922}.Debug|Any CPU.Build.0 = Debug|Any CPU
		{627B1861-A279-44E5-8114-F10499BF8922}.Release|Any CPU.ActiveCfg = Release|Any CPU
		{627B1861-A279-44E5-8114-F10499BF8922}.Release|Any CPU.Build.0 = Release|Any CPU
	EndGlobalSection
	GlobalSection(SolutionProperties) = preSolution
		HideSolutionNode = FALSE
	EndGlobalSection
	GlobalSection(ExtensibilityGlobals) = postSolution
		SolutionGuid = {E233AFFC-0F87-4EFC-B512-BC08A113F12D}
	EndGlobalSection
EndGlobal
